
Microsoft Visual Studio Solution File, Format Version 12.00
# Visual Studio 14
VisualStudioVersion = 14.0.25420.1
MinimumVisualStudioVersion = 10.0.40219.1
Project("{2150E333-8FDC-42A3-9474-1A3956D46DE8}") = "EasyDI", "EasyDI", "{B1AD35A3-4191-44EF-8D9C-CF8CE281604A}"
EndProject
Project("{2150E333-8FDC-42A3-9474-1A3956D46DE8}") = "Engines", "Engines", "{04488FF2-F8BF-480C-8804-99EECC48568A}"
EndProject
Project("{2150E333-8FDC-42A3-9474-1A3956D46DE8}") = "Samples", "Samples", "{7B0AAA28-4E12-4CEB-9062-B3B3B57E833D}"
EndProject
Project("{FAE04EC0-301F-11D3-BF4B-00C04F79EFBC}") = "EasyDI.Autofac", "EasyDI.Autofac\EasyDI.Autofac.csproj", "{241194E0-8749-47B0-BFA1-8249A4135E23}"
EndProject
Project("{FAE04EC0-301F-11D3-BF4B-00C04F79EFBC}") = "EasyDI.nInject", "EasyDI.nInject\EasyDI.nInject.csproj", "{28C69C80-162F-48F1-B50D-3C76AA7C0FA7}"
EndProject
Project("{FAE04EC0-301F-11D3-BF4B-00C04F79EFBC}") = "EasyDI.Unity", "EasyDI.Unity\EasyDI.Unity.csproj", "{985806A0-30C7-4F7A-9CEF-F353C2E8F4AD}"
EndProject
Project("{FAE04EC0-301F-11D3-BF4B-00C04F79EFBC}") = "EasyDI.Core", "EasyDI.Core\EasyDI.Core.csproj", "{3100B0B6-1AA5-4137-8D6E-272A9CCC0708}"
EndProject
Project("{FAE04EC0-301F-11D3-BF4B-00C04F79EFBC}") = "EasyDI.Autofac.MVC", "EasyDI.Autofac.MVC\EasyDI.Autofac.MVC.csproj", "{8D0D861E-FA2E-45FD-A8A8-AAF6CF7E2809}"
EndProject
Project("{FAE04EC0-301F-11D3-BF4B-00C04F79EFBC}") = "EasyDI.nInject.MVC", "EasyDI.nInject.MVC\EasyDI.nInject.MVC.csproj", "{E3526D37-E92A-4F18-B4FE-7480D7A6DCD4}"
EndProject
Project("{FAE04EC0-301F-11D3-BF4B-00C04F79EFBC}") = "EasyDI.Unity.MVC", "EasyDI.Unity.MVC\EasyDI.Unity.MVC.csproj", "{2CF04489-4D11-4A42-BF56-45E0246441DF}"
EndProject
Project("{FAE04EC0-301F-11D3-BF4B-00C04F79EFBC}") = "EasyDI.Sample.Contracts", "EasyDI.Sample.Contracts\EasyDI.Sample.Contracts.csproj", "{6E6D4414-748F-4B23-A371-6B1E671740C4}"
EndProject
Project("{FAE04EC0-301F-11D3-BF4B-00C04F79EFBC}") = "EasyDI.Sample.NonReferenced.Services", "EasyDI.Sample.NonReferenced.Services\EasyDI.Sample.NonReferenced.Services.csproj", "{C5749906-DC84-4EB7-AB4E-8B6B44231D66}"
EndProject
Project("{FAE04EC0-301F-11D3-BF4B-00C04F79EFBC}") = "EasyDI.Sample.WebUI", "EasyDI.Sample.WebUI\EasyDI.Sample.WebUI.csproj", "{BB224EA2-E0E7-4759-8F2C-1DFB41D032D4}"
EndProject
Project("{FAE04EC0-301F-11D3-BF4B-00C04F79EFBC}") = "EasyDI.Core.Contracts", "EasyDI.Core.Contracts\EasyDI.Core.Contracts.csproj", "{6F2555E6-DA16-4835-B0B3-8EAF3D2D85B5}"
EndProject
Project("{FAE04EC0-301F-11D3-BF4B-00C04F79EFBC}") = "EasyDI.Sample.ConsoleApp", "EasyDI.Sample.ConsoleApp\EasyDI.Sample.ConsoleApp.csproj", "{0126163F-F89B-4470-AFEE-E1C54D0CE31A}"
EndProject
Global
	GlobalSection(SolutionConfigurationPlatforms) = preSolution
		Debug|Any CPU = Debug|Any CPU
		Release|Any CPU = Release|Any CPU
	EndGlobalSection
	GlobalSection(ProjectConfigurationPlatforms) = postSolution
		{241194E0-8749-47B0-BFA1-8249A4135E23}.Debug|Any CPU.ActiveCfg = Debug|Any CPU
		{241194E0-8749-47B0-BFA1-8249A4135E23}.Debug|Any CPU.Build.0 = Debug|Any CPU
		{241194E0-8749-47B0-BFA1-8249A4135E23}.Release|Any CPU.ActiveCfg = Release|Any CPU
		{241194E0-8749-47B0-BFA1-8249A4135E23}.Release|Any CPU.Build.0 = Release|Any CPU
		{28C69C80-162F-48F1-B50D-3C76AA7C0FA7}.Debug|Any CPU.ActiveCfg = Debug|Any CPU
		{28C69C80-162F-48F1-B50D-3C76AA7C0FA7}.Debug|Any CPU.Build.0 = Debug|Any CPU
		{28C69C80-162F-48F1-B50D-3C76AA7C0FA7}.Release|Any CPU.ActiveCfg = Release|Any CPU
		{28C69C80-162F-48F1-B50D-3C76AA7C0FA7}.Release|Any CPU.Build.0 = Release|Any CPU
		{985806A0-30C7-4F7A-9CEF-F353C2E8F4AD}.Debug|Any CPU.ActiveCfg = Debug|Any CPU
		{985806A0-30C7-4F7A-9CEF-F353C2E8F4AD}.Debug|Any CPU.Build.0 = Debug|Any CPU
		{985806A0-30C7-4F7A-9CEF-F353C2E8F4AD}.Release|Any CPU.ActiveCfg = Release|Any CPU
		{985806A0-30C7-4F7A-9CEF-F353C2E8F4AD}.Release|Any CPU.Build.0 = Release|Any CPU
		{3100B0B6-1AA5-4137-8D6E-272A9CCC0708}.Debug|Any CPU.ActiveCfg = Debug|Any CPU
		{3100B0B6-1AA5-4137-8D6E-272A9CCC0708}.Debug|Any CPU.Build.0 = Debug|Any CPU
		{3100B0B6-1AA5-4137-8D6E-272A9CCC0708}.Release|Any CPU.ActiveCfg = Release|Any CPU
		{3100B0B6-1AA5-4137-8D6E-272A9CCC0708}.Release|Any CPU.Build.0 = Release|Any CPU
		{8D0D861E-FA2E-45FD-A8A8-AAF6CF7E2809}.Debug|Any CPU.ActiveCfg = Debug|Any CPU
		{8D0D861E-FA2E-45FD-A8A8-AAF6CF7E2809}.Debug|Any CPU.Build.0 = Debug|Any CPU
		{8D0D861E-FA2E-45FD-A8A8-AAF6CF7E2809}.Release|Any CPU.ActiveCfg = Release|Any CPU
		{8D0D861E-FA2E-45FD-A8A8-AAF6CF7E2809}.Release|Any CPU.Build.0 = Release|Any CPU
		{E3526D37-E92A-4F18-B4FE-7480D7A6DCD4}.Debug|Any CPU.ActiveCfg = Debug|Any CPU
		{E3526D37-E92A-4F18-B4FE-7480D7A6DCD4}.Debug|Any CPU.Build.0 = Debug|Any CPU
		{E3526D37-E92A-4F18-B4FE-7480D7A6DCD4}.Release|Any CPU.ActiveCfg = Release|Any CPU
		{E3526D37-E92A-4F18-B4FE-7480D7A6DCD4}.Release|Any CPU.Build.0 = Release|Any CPU
		{2CF04489-4D11-4A42-BF56-45E0246441DF}.Debug|Any CPU.ActiveCfg = Debug|Any CPU
		{2CF04489-4D11-4A42-BF56-45E0246441DF}.Debug|Any CPU.Build.0 = Debug|Any CPU
		{2CF04489-4D11-4A42-BF56-45E0246441DF}.Release|Any CPU.ActiveCfg = Release|Any CPU
		{2CF04489-4D11-4A42-BF56-45E0246441DF}.Release|Any CPU.Build.0 = Release|Any CPU
		{6E6D4414-748F-4B23-A371-6B1E671740C4}.Debug|Any CPU.ActiveCfg = Debug|Any CPU
		{6E6D4414-748F-4B23-A371-6B1E671740C4}.Debug|Any CPU.Build.0 = Debug|Any CPU
		{6E6D4414-748F-4B23-A371-6B1E671740C4}.Release|Any CPU.ActiveCfg = Release|Any CPU
		{6E6D4414-748F-4B23-A371-6B1E671740C4}.Release|Any CPU.Build.0 = Release|Any CPU
		{C5749906-DC84-4EB7-AB4E-8B6B44231D66}.Debug|Any CPU.ActiveCfg = Debug|Any CPU
		{C5749906-DC84-4EB7-AB4E-8B6B44231D66}.Debug|Any CPU.Build.0 = Debug|Any CPU
		{C5749906-DC84-4EB7-AB4E-8B6B44231D66}.Debug|Any CPU.Deploy.0 = Debug|Any CPU
		{C5749906-DC84-4EB7-AB4E-8B6B44231D66}.Release|Any CPU.ActiveCfg = Release|Any CPU
		{C5749906-DC84-4EB7-AB4E-8B6B44231D66}.Release|Any CPU.Build.0 = Release|Any CPU
		{BB224EA2-E0E7-4759-8F2C-1DFB41D032D4}.Debug|Any CPU.ActiveCfg = Debug|Any CPU
		{BB224EA2-E0E7-4759-8F2C-1DFB41D032D4}.Debug|Any CPU.Build.0 = Debug|Any CPU
		{BB224EA2-E0E7-4759-8F2C-1DFB41D032D4}.Release|Any CPU.ActiveCfg = Release|Any CPU
		{BB224EA2-E0E7-4759-8F2C-1DFB41D032D4}.Release|Any CPU.Build.0 = Release|Any CPU
		{6F2555E6-DA16-4835-B0B3-8EAF3D2D85B5}.Debug|Any CPU.ActiveCfg = Debug|Any CPU
		{6F2555E6-DA16-4835-B0B3-8EAF3D2D85B5}.Debug|Any CPU.Build.0 = Debug|Any CPU
		{6F2555E6-DA16-4835-B0B3-8EAF3D2D85B5}.Release|Any CPU.ActiveCfg = Release|Any CPU
		{6F2555E6-DA16-4835-B0B3-8EAF3D2D85B5}.Release|Any CPU.Build.0 = Release|Any CPU
		{0126163F-F89B-4470-AFEE-E1C54D0CE31A}.Debug|Any CPU.ActiveCfg = Debug|Any CPU
		{0126163F-F89B-4470-AFEE-E1C54D0CE31A}.Debug|Any CPU.Build.0 = Debug|Any CPU
		{0126163F-F89B-4470-AFEE-E1C54D0CE31A}.Release|Any CPU.ActiveCfg = Release|Any CPU
		{0126163F-F89B-4470-AFEE-E1C54D0CE31A}.Release|Any CPU.Build.0 = Release|Any CPU
	EndGlobalSection
	GlobalSection(SolutionProperties) = preSolution
		HideSolutionNode = FALSE
	EndGlobalSection
	GlobalSection(NestedProjects) = preSolution
		{04488FF2-F8BF-480C-8804-99EECC48568A} = {B1AD35A3-4191-44EF-8D9C-CF8CE281604A}
		{241194E0-8749-47B0-BFA1-8249A4135E23} = {04488FF2-F8BF-480C-8804-99EECC48568A}
		{28C69C80-162F-48F1-B50D-3C76AA7C0FA7} = {04488FF2-F8BF-480C-8804-99EECC48568A}
		{985806A0-30C7-4F7A-9CEF-F353C2E8F4AD} = {04488FF2-F8BF-480C-8804-99EECC48568A}
		{3100B0B6-1AA5-4137-8D6E-272A9CCC0708} = {B1AD35A3-4191-44EF-8D9C-CF8CE281604A}
		{8D0D861E-FA2E-45FD-A8A8-AAF6CF7E2809} = {04488FF2-F8BF-480C-8804-99EECC48568A}
		{E3526D37-E92A-4F18-B4FE-7480D7A6DCD4} = {04488FF2-F8BF-480C-8804-99EECC48568A}
		{2CF04489-4D11-4A42-BF56-45E0246441DF} = {04488FF2-F8BF-480C-8804-99EECC48568A}
		{6E6D4414-748F-4B23-A371-6B1E671740C4} = {7B0AAA28-4E12-4CEB-9062-B3B3B57E833D}
		{C5749906-DC84-4EB7-AB4E-8B6B44231D66} = {7B0AAA28-4E12-4CEB-9062-B3B3B57E833D}
		{BB224EA2-E0E7-4759-8F2C-1DFB41D032D4} = {7B0AAA28-4E12-4CEB-9062-B3B3B57E833D}
		{6F2555E6-DA16-4835-B0B3-8EAF3D2D85B5} = {B1AD35A3-4191-44EF-8D9C-CF8CE281604A}
		{0126163F-F89B-4470-AFEE-E1C54D0CE31A} = {7B0AAA28-4E12-4CEB-9062-B3B3B57E833D}
	EndGlobalSection
EndGlobal
